
Microsoft Visual Studio Solution File, Format Version 12.00
# Visual Studio 15
VisualStudioVersion = 15.0.28307.960
MinimumVisualStudioVersion = 10.0.40219.1
Project("{FAE04EC0-301F-11D3-BF4B-00C04F79EFBC}") = "PrometheusSampleApp", "PrometheusSampleApp\PrometheusSampleApp.csproj", "{D6DEDD43-14A7-4653-83F4-D8EB8822AF20}"
EndProject
Global
	GlobalSection(SolutionConfigurationPlatforms) = preSolution
		Debug|Any CPU = Debug|Any CPU
		Release|Any CPU = Release|Any CPU
	EndGlobalSection
	GlobalSection(ProjectConfigurationPlatforms) = postSolution
		{D6DEDD43-14A7-4653-83F4-D8EB8822AF20}.Debug|Any CPU.ActiveCfg = Debug|Any CPU
		{D6DEDD43-14A7-4653-83F4-D8EB8822AF20}.Debug|Any CPU.Build.0 = Debug|Any CPU
		{D6DEDD43-14A7-4653-83F4-D8EB8822AF20}.Release|Any CPU.ActiveCfg = Release|Any CPU
		{D6DEDD43-14A7-4653-83F4-D8EB8822AF20}.Release|Any CPU.Build.0 = Release|Any CPU
	EndGlobalSection
	GlobalSection(SolutionProperties) = preSolution
		HideSolutionNode = FALSE
	EndGlobalSection
	GlobalSection(ExtensibilityGlobals) = postSolution
		SolutionGuid = {7656D0CA-CCAA-44B7-9AA2-2C2D58BAA9E0}
	EndGlobalSection
EndGlobal
